
Microsoft Visual Studio Solution File, Format Version 12.00
# Visual Studio 15
VisualStudioVersion = 15.0.28010.2016
MinimumVisualStudioVersion = 10.0.40219.1
Project("{9A19103F-16F7-4668-BE54-9A1E7A4F7556}") = "algorithm", "algorithm\algorithm.csproj", "{9CF4834E-AA77-4796-BCC1-BF7A1EF69764}"
EndProject
Project("{FAE04EC0-301F-11D3-BF4B-00C04F79EFBC}") = "MVCTEST", "MVCTEST\MVCTEST.csproj", "{EFD17D50-36B1-49EA-839C-E883AB8AC333}"
EndProject
Global
	GlobalSection(SolutionConfigurationPlatforms) = preSolution
		Debug|Any CPU = Debug|Any CPU
		Release|Any CPU = Release|Any CPU
	EndGlobalSection
	GlobalSection(ProjectConfigurationPlatforms) = postSolution
		{9CF4834E-AA77-4796-BCC1-BF7A1EF69764}.Debug|Any CPU.ActiveCfg = Debug|Any CPU
		{9CF4834E-AA77-4796-BCC1-BF7A1EF69764}.Debug|Any CPU.Build.0 = Debug|Any CPU
		{9CF4834E-AA77-4796-BCC1-BF7A1EF69764}.Release|Any CPU.ActiveCfg = Release|Any CPU
		{9CF4834E-AA77-4796-BCC1-BF7A1EF69764}.Release|Any CPU.Build.0 = Release|Any CPU
		{EFD17D50-36B1-49EA-839C-E883AB8AC333}.Debug|Any CPU.ActiveCfg = Debug|Any CPU
		{EFD17D50-36B1-49EA-839C-E883AB8AC333}.Debug|Any CPU.Build.0 = Debug|Any CPU
		{EFD17D50-36B1-49EA-839C-E883AB8AC333}.Release|Any CPU.ActiveCfg = Release|Any CPU
		{EFD17D50-36B1-49EA-839C-E883AB8AC333}.Release|Any CPU.Build.0 = Release|Any CPU
	EndGlobalSection
	GlobalSection(SolutionProperties) = preSolution
		HideSolutionNode = FALSE
	EndGlobalSection
	GlobalSection(ExtensibilityGlobals) = postSolution
		SolutionGuid = {16A46212-0EF9-4C63-8A9F-53B46159E984}
	EndGlobalSection
EndGlobal
