
Microsoft Visual Studio Solution File, Format Version 12.00
# Visual Studio 15
VisualStudioVersion = 15.0.28010.2016
MinimumVisualStudioVersion = 10.0.40219.1
Project("{9A19103F-16F7-4668-BE54-9A1E7A4F7556}") = "algorithm", "algorithm\algorithm.csproj", "{9CF4834E-AA77-4796-BCC1-BF7A1EF69764}"
EndProject
Project("{FAE04EC0-301F-11D3-BF4B-00C04F79EFBC}") = "MVCTEST", "MVCTEST\MVCTEST.csproj", "{EFD17D50-36B1-49EA-839C-E883AB8AC333}"
EndProject
Project("{9A19103F-16F7-4668-BE54-9A1E7A4F7556}") = "NetCore", "NetCore\NetCore.csproj", "{B0235C49-558F-4922-9F4C-601D95FCF955}"
EndProject
Project("{FAE04EC0-301F-11D3-BF4B-00C04F79EFBC}") = "Common", "Common\Common.csproj", "{32AD9820-289B-4A16-B880-710EC8273C84}"
EndProject
Project("{FAE04EC0-301F-11D3-BF4B-00C04F79EFBC}") = "Models", "Models\Models.csproj", "{A5FA52A0-5647-462B-850D-022ECF593FB3}"
EndProject
Global
	GlobalSection(SolutionConfigurationPlatforms) = preSolution
		Debug|Any CPU = Debug|Any CPU
		Release|Any CPU = Release|Any CPU
	EndGlobalSection
	GlobalSection(ProjectConfigurationPlatforms) = postSolution
		{9CF4834E-AA77-4796-BCC1-BF7A1EF69764}.Debug|Any CPU.ActiveCfg = Debug|Any CPU
		{9CF4834E-AA77-4796-BCC1-BF7A1EF69764}.Debug|Any CPU.Build.0 = Debug|Any CPU
		{9CF4834E-AA77-4796-BCC1-BF7A1EF69764}.Release|Any CPU.ActiveCfg = Release|Any CPU
		{9CF4834E-AA77-4796-BCC1-BF7A1EF69764}.Release|Any CPU.Build.0 = Release|Any CPU
		{EFD17D50-36B1-49EA-839C-E883AB8AC333}.Debug|Any CPU.ActiveCfg = Debug|Any CPU
		{EFD17D50-36B1-49EA-839C-E883AB8AC333}.Debug|Any CPU.Build.0 = Debug|Any CPU
		{EFD17D50-36B1-49EA-839C-E883AB8AC333}.Release|Any CPU.ActiveCfg = Release|Any CPU
		{EFD17D50-36B1-49EA-839C-E883AB8AC333}.Release|Any CPU.Build.0 = Release|Any CPU
		{B0235C49-558F-4922-9F4C-601D95FCF955}.Debug|Any CPU.ActiveCfg = Debug|Any CPU
		{B0235C49-558F-4922-9F4C-601D95FCF955}.Debug|Any CPU.Build.0 = Debug|Any CPU
		{B0235C49-558F-4922-9F4C-601D95FCF955}.Release|Any CPU.ActiveCfg = Release|Any CPU
		{B0235C49-558F-4922-9F4C-601D95FCF955}.Release|Any CPU.Build.0 = Release|Any CPU
		{32AD9820-289B-4A16-B880-710EC8273C84}.Debug|Any CPU.ActiveCfg = Debug|Any CPU
		{32AD9820-289B-4A16-B880-710EC8273C84}.Debug|Any CPU.Build.0 = Debug|Any CPU
		{32AD9820-289B-4A16-B880-710EC8273C84}.Release|Any CPU.ActiveCfg = Release|Any CPU
		{32AD9820-289B-4A16-B880-710EC8273C84}.Release|Any CPU.Build.0 = Release|Any CPU
		{A5FA52A0-5647-462B-850D-022ECF593FB3}.Debug|Any CPU.ActiveCfg = Debug|Any CPU
		{A5FA52A0-5647-462B-850D-022ECF593FB3}.Debug|Any CPU.Build.0 = Debug|Any CPU
		{A5FA52A0-5647-462B-850D-022ECF593FB3}.Release|Any CPU.ActiveCfg = Release|Any CPU
		{A5FA52A0-5647-462B-850D-022ECF593FB3}.Release|Any CPU.Build.0 = Release|Any CPU
	EndGlobalSection
	GlobalSection(SolutionProperties) = preSolution
		HideSolutionNode = FALSE
	EndGlobalSection
	GlobalSection(ExtensibilityGlobals) = postSolution
		SolutionGuid = {16A46212-0EF9-4C63-8A9F-53B46159E984}
	EndGlobalSection
EndGlobal
